
Microsoft Visual Studio Solution File, Format Version 12.00
# Visual Studio 15
VisualStudioVersion = 15.0.28307.1267
MinimumVisualStudioVersion = 10.0.40219.1
Project("{FAE04EC0-301F-11D3-BF4B-00C04F79EFBC}") = "FingerKeyBoardDemo", "FingerKeyBoardDemo\FingerKeyBoardDemo.csproj", "{BA475215-7B68-4E68-BB1C-80DE94C1FC83}"
EndProject
Global
	GlobalSection(SolutionConfigurationPlatforms) = preSolution
		Debug|Any CPU = Debug|Any CPU
		Release|Any CPU = Release|Any CPU
	EndGlobalSection
	GlobalSection(ProjectConfigurationPlatforms) = postSolution
		{BA475215-7B68-4E68-BB1C-80DE94C1FC83}.Debug|Any CPU.ActiveCfg = Debug|Any CPU
		{BA475215-7B68-4E68-BB1C-80DE94C1FC83}.Debug|Any CPU.Build.0 = Debug|Any CPU
		{BA475215-7B68-4E68-BB1C-80DE94C1FC83}.Release|Any CPU.ActiveCfg = Release|Any CPU
		{BA475215-7B68-4E68-BB1C-80DE94C1FC83}.Release|Any CPU.Build.0 = Release|Any CPU
	EndGlobalSection
	GlobalSection(SolutionProperties) = preSolution
		HideSolutionNode = FALSE
	EndGlobalSection
	GlobalSection(ExtensibilityGlobals) = postSolution
		SolutionGuid = {A9568CC0-131C-47A9-AB68-E56B3E793FD3}
	EndGlobalSection
EndGlobal
